PODS:
  - Alamofire (5.6.2)
  - DropDown (2.3.13)
  - IQKeyboardManager (6.5.10)
  - JTAppleCalendar (7.1.8)
  - MARKRangeSlider (1.1.1)
  - MBProgressHUD (1.2.0)
  - ReachabilitySwift (4.3.1)
  - SDWebImage (5.13.2):
    - SDWebImage/Core (= 5.13.2)
  - SDWebImage/Core (5.13.2)
  - SwiftRangeSlider (2.0.0)
  - SwiftyJSON (5.0.1)
  - Toast-Swift (5.0.1)
  - TTRangeSlider (1.0.7)

DEPENDENCIES:
  - Alamofire
  - DropDown
  - IQKeyboardManager
  - JTAppleCalendar (~> 7.1.6)
  - MARKRangeSlider
  - MBProgressHUD
  - ReachabilitySwift (~> 4.3.0)
  - SDWebImage
  - SwiftRangeSlider (~> 2.0)
  - SwiftyJSON
  - Toast-Swift (~> 5.0.1)
  - TTRangeSlider

SPEC REPOS:
  trunk:
    - Alamofire
    - DropDown
    - IQKeyboardManager
    - JTAppleCalendar
    - MARKRangeSlider
    - MBProgressHUD
    - ReachabilitySwift
    - SDWebImage
    - SwiftRangeSlider
    - SwiftyJSON
    - Toast-Swift
    - TTRangeSlider

SPEC CHECKSUMS:
  Alamofire: d368e1ff8a298e6dde360e35a3e68e6c610e7204
  DropDown: 8a2116376c1981888557f72ec2ffc9a5e0e456ec
  IQKeyboardManager: 45a1fa55c1a5b02c61ac0fd7fd5b62bb4ad20d97
  JTAppleCalendar: b7fb40852f5f319fe55c8ec3861f1de0edc99cc8
  MARKRangeSlider: ef7e1fe84d22996f47fd72dcb8de50b9410aac47
  MBProgressHUD: 3ee5efcc380f6a79a7cc9b363dd669c5e1ae7406
  ReachabilitySwift: 4032e2f59586e11e3b0ebe15b167abdd587a388b
  SDWebImage: 72f86271a6f3139cc7e4a89220946489d4b9a866
  SwiftRangeSlider: f86e3b637c961120158fa1a89277c8343845cbe4
  SwiftyJSON: 2f33a42c6fbc52764d96f13368585094bfd8aa5e
  Toast-Swift: 9b6a70f28b3bf0b96c40d46c0c4b9d6639846711
  TTRangeSlider: 8cf72eca457c3b700c92eb0074be908c986e25ec

PODFILE CHECKSUM: c52d9f0a2e3c1195295399df1d84e42ff31e44b6

COCOAPODS: 1.11.2
